// !$*UTF8*$!
{
	archiveVersion = 1;
	classes = {
	};
	objectVersion = 48;
	objects = {

/* Begin PBXBuildFile section */
		ACC176381FFC544200492CAF /* AppDelegate.swift in Sources */ = {isa = PBXBuildFile; fileRef = ACC176371FFC544200492CAF /* AppDelegate.swift */; };
		ACC1763A1FFC544200492CAF /* ViewController.swift in Sources */ = {isa = PBXBuildFile; fileRef = ACC176391FFC544200492CAF /* ViewController.swift */; };
		ACC1763D1FFC544200492CAF /* Main.storyboard in Resources */ = {isa = PBXBuildFile; fileRef = ACC1763B1FFC544200492CAF /* Main.storyboard */; };
		ACC1763F1FFC544200492CAF /* Assets.xcassets in Resources */ = {isa = PBXBuildFile; fileRef = ACC1763E1FFC544200492CAF /* Assets.xcassets */; };
		ACC176421FFC544200492CAF /* LaunchScreen.storyboard in Resources */ = {isa = PBXBuildFile; fileRef = ACC176401FFC544200492CAF /* LaunchScreen.storyboard */; };
		ACC1764A1FFC849800492CAF /* DragImage.swift in Sources */ = {isa = PBXBuildFile; fileRef = ACC176491FFC849800492CAF /* DragImage.swift */; };
		ACC1764C1FFC88B200492CAF /* MonsterImg.swift in Sources */ = {isa = PBXBuildFile; fileRef = ACC1764B1FFC88B200492CAF /* MonsterImg.swift */; };
/* End PBXBuildFile section */

/* Begin PBXFileReference section */
		ACC176341FFC544200492CAF /* monster.app */ = {isa = PBXFileReference; explicitFileType = wrapper.application; includeInIndex = 0; path = monster.app; sourceTree = BUILT_PRODUCTS_DIR; };
		ACC176371FFC544200492CAF /* AppDelegate.swift */ = {isa = PBXFileReference; lastKnownFileType = sourcecode.swift; path = AppDelegate.swift; sourceTree = "<group>"; };
		ACC176391FFC544200492CAF /* ViewController.swift */ = {isa = PBXFileReference; lastKnownFileType = sourcecode.swift; path = ViewController.swift; sourceTree = "<group>"; };
		ACC1763C1FFC544200492CAF /* Base */ = {isa = PBXFileReference; lastKnownFileType = file.storyboard; name = Base; path = Base.lproj/Main.storyboard; sourceTree = "<group>"; };
		ACC1763E1FFC544200492CAF /* Assets.xcassets */ = {isa = PBXFileReference; lastKnownFileType = folder.assetcatalog; path = Assets.xcassets; sourceTree = "<group>"; };
		ACC176411FFC544200492CAF /* Base */ = {isa = PBXFileReference; lastKnownFileType = file.storyboard; name = Base; path = Base.lproj/LaunchScreen.storyboard; sourceTree = "<group>"; };
		ACC176431FFC544300492CAF /* Info.plist */ = {isa = PBXFileReference; lastKnownFileType = text.plist.xml; path = Info.plist; sourceTree = "<group>"; };
		ACC176491FFC849800492CAF /* DragImage.swift */ = {isa = PBXFileReference; lastKnownFileType = sourcecode.swift; path = DragImage.swift; sourceTree = "<group>"; };
		ACC1764B1FFC88B200492CAF /* MonsterImg.swift */ = {isa = PBXFileReference; lastKnownFileType = sourcecode.swift; path = MonsterImg.swift; sourceTree = "<group>"; };
/* End PBXFileReference section */

/* Begin PBXFrameworksBuildPhase section */
		ACC176311FFC544200492CAF /* Frameworks */ = {
			isa = PBXFrameworksBuildPhase;
			buildActionMask = 2147483647;
			files = (
			);
			runOnlyForDeploymentPostprocessing = 0;
		};
/* End PBXFrameworksBuildPhase section */

/* Begin PBXGroup section */
		ACC1762B1FFC544200492CAF = {
			isa = PBXGroup;
			children = (
				ACC176361FFC544200492CAF /* monster */,
				ACC176351FFC544200492CAF /* Products */,
			);
			sourceTree = "<group>";
		};
		ACC176351FFC544200492CAF /* Products */ = {
			isa = PBXGroup;
			children = (
				ACC176341FFC544200492CAF /* monster.app */,
			);
			name = Products;
			sourceTree = "<group>";
		};
		ACC176361FFC544200492CAF /* monster */ = {
			isa = PBXGroup;
			children = (
				ACC176371FFC544200492CAF /* AppDelegate.swift */,
				ACC176391FFC544200492CAF /* ViewController.swift */,
				ACC1763B1FFC544200492CAF /* Main.storyboard */,
				ACC1763E1FFC544200492CAF /* Assets.xcassets */,
				ACC176401FFC544200492CAF /* LaunchScreen.storyboard */,
				ACC176431FFC544300492CAF /* Info.plist */,
				ACC176491FFC849800492CAF /* DragImage.swift */,
				ACC1764B1FFC88B200492CAF /* MonsterImg.swift */,
			);
			path = monster;
			sourceTree = "<group>";
		};
/* End PBXGroup section */

/* Begin PBXNativeTarget section */
		ACC176331FFC544200492CAF /* monster */ = {
			isa = PBXNativeTarget;
			buildConfigurationList = ACC176461FFC544300492CAF /* Build configuration list for PBXNativeTarget "monster" */;
			buildPhases = (
				ACC176301FFC544200492CAF /* Sources */,
				ACC176311FFC544200492CAF /* Frameworks */,
				ACC176321FFC544200492CAF /* Resources */,
			);
			buildRules = (
			);
			dependencies = (
			);
			name = monster;
			productName = monster;
			productReference = ACC176341FFC544200492CAF /* monster.app */;
			productType = "com.apple.product-type.application";
		};
/* End PBXNativeTarget section */

/* Begin PBXProject section */
		ACC1762C1FFC544200492CAF /* Project object */ = {
			isa = PBXProject;
			attributes = {
				LastSwiftUpdateCheck = 0920;
				LastUpgradeCheck = 0920;
				ORGANIZATIONNAME = Jacky;
				TargetAttributes = {
					ACC176331FFC544200492CAF = {
						CreatedOnToolsVersion = 9.2;
						ProvisioningStyle = Automatic;
					};
				};
			};
			buildConfigurationList = ACC1762F1FFC544200492CAF /* Build configuration list for PBXProject "monster" */;
			compatibilityVersion = "Xcode 8.0";
			developmentRegion = en;
			hasScannedForEncodings = 0;
			knownRegions = (
				en,
				Base,
			);
			mainGroup = ACC1762B1FFC544200492CAF;
			productRefGroup = ACC176351FFC544200492CAF /* Products */;
			projectDirPath = "";
			projectRoot = "";
			targets = (
				ACC176331FFC544200492CAF /* monster */,
			);
		};
/* End PBXProject section */

/* Begin PBXResourcesBuildPhase section */
		ACC176321FFC544200492CAF /* Resources */ = {
			isa = PBXResourcesBuildPhase;
			buildActionMask = 2147483647;
			files = (
				ACC176421FFC544200492CAF /* LaunchScreen.storyboard in Resources */,
				ACC1763F1FFC544200492CAF /* Assets.xcassets in Resources */,
				ACC1763D1FFC544200492CAF /* Main.storyboard in Resources */,
			);
			runOnlyForDeploymentPostprocessing = 0;
		};
/* End PBXResourcesBuildPhase section */

/* Begin PBXSourcesBuildPhase section */
		ACC176301FFC544200492CAF /* Sources */ = {
			isa = PBXSourcesBuildPhase;
			buildActionMask = 2147483647;
			files = (
				ACC1764C1FFC88B200492CAF /* MonsterImg.swift in Sources */,
				ACC1763A1FFC544200492CAF /* ViewController.swift in Sources */,
				ACC1764A1FFC849800492CAF /* DragImage.swift in Sources */,
				ACC176381FFC544200492CAF /* AppDelegate.swift in Sources */,
			);
			runOnlyForDeploymentPostprocessing = 0;
		};
/* End PBXSourcesBuildPhase section */

/* Begin PBXVariantGroup section */
		ACC1763B1FFC544200492CAF /* Main.storyboard */ = {
			isa = PBXVariantGroup;
			children = (
				ACC1763C1FFC544200492CAF /* Base */,
			);
			name = Main.storyboard;
			sourceTree = "<group>";
		};
		ACC176401FFC544200492CAF /* LaunchScreen.storyboard */ = {
			isa = PBXVariantGroup;
			children = (
				ACC176411FFC544200492CAF /* Base */,
			);
			name = LaunchScreen.storyboard;
			sourceTree = "<group>";
		};
/* End PBXVariantGroup section */

/* Begin XCBuildConfiguration section */
		ACC176441FFC544300492CAF /* Debug */ = {
			isa = XCBuildConfiguration;
			buildSettings = {
				ALWAYS_SEARCH_USER_PATHS = NO;
				CLANG_ANALYZER_NONNULL = YES;
				CLANG_ANALYZER_NUMBER_OBJECT_CONVERSION = YES_AGGRESSIVE;
				CLANG_CXX_LANGUAGE_STANDARD = "gnu++14";
				CLANG_CXX_LIBRARY = "libc++";
				CLANG_ENABLE_MODULES = YES;
				CLANG_ENABLE_OBJC_ARC = YES;
				CLANG_WARN_BLOCK_CAPTURE_AUTORELEASING = YES;
				CLANG_WARN_BOOL_CONVERSION = YES;
				CLANG_WARN_COMMA = YES;
				CLANG_WARN_CONSTANT_CONVERSION = YES;
				CLANG_WARN_DIRECT_OBJC_ISA_USAGE = YES_ERROR;
				CLANG_WARN_DOCUMENTATION_COMMENTS = YES;
				CLANG_WARN_EMPTY_BODY = YES;
				CLANG_WARN_ENUM_CONVERSION = YES;
				CLANG_WARN_INFINITE_RECURSION = YES;
				CLANG_WARN_INT_CONVERSION = YES;
				CLANG_WARN_NON_LITERAL_NULL_CONVERSION = YES;
				CLANG_WARN_OBJC_LITERAL_CONVERSION = YES;
				CLANG_WARN_OBJC_ROOT_CLASS = YES_ERROR;
				CLANG_WARN_RANGE_LOOP_ANALYSIS = YES;
				CLANG_WARN_STRICT_PROTOTYPES = YES;
				CLANG_WARN_SUSPICIOUS_MOVE = YES;
				CLANG_WARN_UNGUARDED_AVAILABILITY = YES_AGGRESSIVE;
				CLANG_WARN_UNREACHABLE_CODE = YES;
				CLANG_WARN__DUPLICATE_METHOD_MATCH = YES;
				CODE_SIGN_IDENTITY = "iPhone Developer";
				COPY_PHASE_STRIP = NO;
				DEBUG_INFORMATION_FORMAT = dwarf;
				ENABLE_STRICT_OBJC_MSGSEND = YES;
				ENABLE_TESTABILITY = YES;
				GCC_C_LANGUAGE_STANDARD = gnu11;
				GCC_DYNAMIC_NO_PIC = NO;
				GCC_NO_COMMON_BLOCKS = YES;
				GCC_OPTIMIZATION_LEVEL = 0;
				GCC_PREPROCESSOR_DEFINITIONS = (
					"DEBUG=1",
					"$(inherited)",
				);
				GCC_WARN_64_TO_32_BIT_CONVERSION = YES;
				GCC_WARN_ABOUT_RETURN_TYPE = YES_ERROR;
				GCC_WARN_UNDECLARED_SELECTOR = YES;
				GCC_WARN_UNINITIALIZED_AUTOS = YES_AGGRESSIVE;
				GCC_WARN_UNUSED_FUNCTION = YES;
				GCC_WARN_UNUSED_VARIABLE = YES;
				IPHONEOS_DEPLOYMENT_TARGET = 11.2;
				MTL_ENABLE_DEBUG_INFO = YES;
				ONLY_ACTIVE_ARCH = YES;
				SDKROOT = iphoneos;
				SWIFT_ACTIVE_COMPILATION_CONDITIONS = DEBUG;
				SWIFT_OPTIMIZATION_LEVEL = "-Onone";
			};
			name = Debug;
		};
		ACC176451FFC544300492CAF /* Release */ = {
			isa = XCBuildConfiguration;
			buildSettings = {
				ALWAYS_SEARCH_USER_PATHS = NO;
				CLANG_ANALYZER_NONNULL = YES;
				CLANG_ANALYZER_NUMBER_OBJECT_CONVERSION = YES_AGGRESSIVE;
				CLANG_CXX_LANGUAGE_STANDARD = "gnu++14";
				CLANG_CXX_LIBRARY = "libc++";
				CLANG_ENABLE_MODULES = YES;
				CLANG_ENABLE_OBJC_ARC = YES;
				CLANG_WARN_BLOCK_CAPTURE_AUTORELEASING = YES;
				CLANG_WARN_BOOL_CONVERSION = YES;
				CLANG_WARN_COMMA = YES;
				CLANG_WARN_CONSTANT_CONVERSION = YES;
				CLANG_WARN_DIRECT_OBJC_ISA_USAGE = YES_ERROR;
				CLANG_WARN_DOCUMENTATION_COMMENTS = YES;
				CLANG_WARN_EMPTY_BODY = YES;
				CLANG_WARN_ENUM_CONVERSION = YES;
				CLANG_WARN_INFINITE_RECURSION = YES;
				CLANG_WARN_INT_CONVERSION = YES;
				CLANG_WARN_NON_LITERAL_NULL_CONVERSION = YES;
				CLANG_WARN_OBJC_LITERAL_CONVERSION = YES;
				CLANG_WARN_OBJC_ROOT_CLASS = YES_ERROR;
				CLANG_WARN_RANGE_LOOP_ANALYSIS = YES;
				CLANG_WARN_STRICT_PROTOTYPES = YES;
				CLANG_WARN_SUSPICIOUS_MOVE = YES;
				CLANG_WARN_UNGUARDED_AVAILABILITY = YES_AGGRESSIVE;
				CLANG_WARN_UNREACHABLE_CODE = YES;
				CLANG_WARN__DUPLICATE_METHOD_MATCH = YES;
				CODE_SIGN_IDENTITY = "iPhone Developer";
				COPY_PHASE_STRIP = NO;
				DEBUG_INFORMATION_FORMAT = "dwarf-with-dsym";
				ENABLE_NS_ASSERTIONS = NO;
				ENABLE_STRICT_OBJC_MSGSEND = YES;
				GCC_C_LANGUAGE_STANDARD = gnu11;
				GCC_NO_COMMON_BLOCKS = YES;
				GCC_WARN_64_TO_32_BIT_CONVERSION = YES;
				GCC_WARN_ABOUT_RETURN_TYPE = YES_ERROR;
				GCC_WARN_UNDECLARED_SELECTOR = YES;
				GCC_WARN_UNINITIALIZED_AUTOS = YES_AGGRESSIVE;
				GCC_WARN_UNUSED_FUNCTION = YES;
				GCC_WARN_UNUSED_VARIABLE = YES;
				IPHONEOS_DEPLOYMENT_TARGET = 11.2;
				MTL_ENABLE_DEBUG_INFO = NO;
				SDKROOT = iphoneos;
				SWIFT_OPTIMIZATION_LEVEL = "-Owholemodule";
				VALIDATE_PRODUCT = YES;
			};
			name = Release;
		};
		ACC176471FFC544300492CAF /* Debug */ = {
			isa = XCBuildConfiguration;
			buildSettings = {
				ASSETCATALOG_COMPILER_APPICON_NAME = AppIcon;
				CODE_SIGN_STYLE = Automatic;
				DEVELOPMENT_TEAM = L4QJ6XQS3H;
				INFOPLIST_FILE = monster/Info.plist;
				LD_RUNPATH_SEARCH_PATHS = "$(inherited) @executable_path/Frameworks";
				PRODUCT_BUNDLE_IDENTIFIER = com.Jacky.monster;
				PRODUCT_NAME = "$(TARGET_NAME)";
				SWIFT_VERSION = 4.0;
				TARGETED_DEVICE_FAMILY = "1,2";
			};
			name = Debug;
		};
		ACC176481FFC544300492CAF /* Release */ = {
			isa = XCBuildConfiguration;
			buildSettings = {
				ASSETCATALOG_COMPILER_APPICON_NAME = AppIcon;
				CODE_SIGN_STYLE = Automatic;
				DEVELOPMENT_TEAM = L4QJ6XQS3H;
				INFOPLIST_FILE = monster/Info.plist;
				LD_RUNPATH_SEARCH_PATHS = "$(inherited) @executable_path/Frameworks";
				PRODUCT_BUNDLE_IDENTIFIER = com.Jacky.monster;
				PRODUCT_NAME = "$(TARGET_NAME)";
				SWIFT_VERSION = 4.0;
				TARGETED_DEVICE_FAMILY = "1,2";
			};
			name = Release;
		};
/* End XCBuildConfiguration section */

/* Begin XCConfigurationList section */
		ACC1762F1FFC544200492CAF /* Build configuration list for PBXProject "monster" */ = {
			isa = XCConfigurationList;
			buildConfigurations = (
				ACC176441FFC544300492CAF /* Debug */,
				ACC176451FFC544300492CAF /* Release */,
			);
			defaultConfigurationIsVisible = 0;
			defaultConfigurationName = Release;
		};
		ACC176461FFC544300492CAF /* Build configuration list for PBXNativeTarget "monster" */ = {
			isa = XCConfigurationList;
			buildConfigurations = (
				ACC176471FFC544300492CAF /* Debug */,
				ACC176481FFC544300492CAF /* Release */,
			);
			defaultConfigurationIsVisible = 0;
			defaultConfigurationName = Release;
		};
/* End XCConfigurationList section */
	};
	rootObject = ACC1762C1FFC544200492CAF /* Project object */;
}
